// !$*UTF8*$!
{
	archiveVersion = 1;
	classes = {
	};
	objectVersion = 50;
	objects = {

/* Begin PBXBuildFile section */
		EB12C6BA2455CF4D000C3301 /* SubCatalogViewController.swift in Sources */ = {isa = PBXBuildFile; fileRef = EB12C6B92455CF4D000C3301 /* SubCatalogViewController.swift */; };
		EB12C6BC24569EC7000C3301 /* ProductsViewController.swift in Sources */ = {isa = PBXBuildFile; fileRef = EB12C6BB24569EC7000C3301 /* ProductsViewController.swift */; };
		EB4D6C23244D604D00AB321C /* GetProductsService.swift in Sources */ = {isa = PBXBuildFile; fileRef = EB4D6C22244D604D00AB321C /* GetProductsService.swift */; };
		EB4D6C27244DD47200AB321C /* AgreementViewController.swift in Sources */ = {isa = PBXBuildFile; fileRef = EB4D6C26244DD47200AB321C /* AgreementViewController.swift */; };
		EB4D6C29244DD55000AB321C /* DevelopInfoViewController.swift in Sources */ = {isa = PBXBuildFile; fileRef = EB4D6C28244DD55000AB321C /* DevelopInfoViewController.swift */; };
		EB4D6C2B244DED5B00AB321C /* GetHotelsService.swift in Sources */ = {isa = PBXBuildFile; fileRef = EB4D6C2A244DED5B00AB321C /* GetHotelsService.swift */; };
		EB4D6C2D244DEF2500AB321C /* ShoppingCartNetwork.swift in Sources */ = {isa = PBXBuildFile; fileRef = EB4D6C2C244DEF2500AB321C /* ShoppingCartNetwork.swift */; };
		EB87E8102443179C00D79D26 /* UserInfoViewController.swift in Sources */ = {isa = PBXBuildFile; fileRef = EB87E80F2443179C00D79D26 /* UserInfoViewController.swift */; };
		EB87E8252444B01600D79D26 /* LastViewController.swift in Sources */ = {isa = PBXBuildFile; fileRef = EB87E8242444B01600D79D26 /* LastViewController.swift */; };
		EB87E8282444B91B00D79D26 /* DataModel.swift in Sources */ = {isa = PBXBuildFile; fileRef = EB87E8272444B91B00D79D26 /* DataModel.swift */; };
		EB87E830244575DD00D79D26 /* ProfileLastOrderCells.swift in Sources */ = {isa = PBXBuildFile; fileRef = EB87E82E244575DD00D79D26 /* ProfileLastOrderCells.swift */; };
		EB87E831244575DD00D79D26 /* ProfileLastOrderCells.xib in Resources */ = {isa = PBXBuildFile; fileRef = EB87E82F244575DD00D79D26 /* ProfileLastOrderCells.xib */; };
		EBADC45A24489E49006E60DB /* ShoppingCartCell.swift in Sources */ = {isa = PBXBuildFile; fileRef = EBADC45824489E49006E60DB /* ShoppingCartCell.swift */; };
		EBADC45B24489E49006E60DB /* ShoppingCartCell.xib in Resources */ = {isa = PBXBuildFile; fileRef = EBADC45924489E49006E60DB /* ShoppingCartCell.xib */; };
		EBCDBBB52440A76C008129A5 /* AppDelegate.swift in Sources */ = {isa = PBXBuildFile; fileRef = EBCDBBB42440A76C008129A5 /* AppDelegate.swift */; };
		EBCDBBB72440A76C008129A5 /* SceneDelegate.swift in Sources */ = {isa = PBXBuildFile; fileRef = EBCDBBB62440A76C008129A5 /* SceneDelegate.swift */; };
		EBCDBBBC2440A76C008129A5 /* Main.storyboard in Resources */ = {isa = PBXBuildFile; fileRef = EBCDBBBA2440A76C008129A5 /* Main.storyboard */; };
		EBCDBBBE2440A774008129A5 /* Assets.xcassets in Resources */ = {isa = PBXBuildFile; fileRef = EBCDBBBD2440A774008129A5 /* Assets.xcassets */; };
		EBCDBBC12440A774008129A5 /* LaunchScreen.storyboard in Resources */ = {isa = PBXBuildFile; fileRef = EBCDBBBF2440A774008129A5 /* LaunchScreen.storyboard */; };
		EBCDBBCA2440B995008129A5 /* CatalogViewController.swift in Sources */ = {isa = PBXBuildFile; fileRef = EBCDBBC92440B995008129A5 /* CatalogViewController.swift */; };
		EBCDBBCC2440B9B9008129A5 /* ShoppingCartViewController.swift in Sources */ = {isa = PBXBuildFile; fileRef = EBCDBBCB2440B9B9008129A5 /* ShoppingCartViewController.swift */; };
		EBCDBBCE2440B9CD008129A5 /* ProfileViewController.swift in Sources */ = {isa = PBXBuildFile; fileRef = EBCDBBCD2440B9CD008129A5 /* ProfileViewController.swift */; };
		EBCDBBD72441B2D0008129A5 /* Profile.storyboard in Resources */ = {isa = PBXBuildFile; fileRef = EBCDBBD62441B2D0008129A5 /* Profile.storyboard */; };
		EBCDBBD92441B301008129A5 /* ShoppingCart.storyboard in Resources */ = {isa = PBXBuildFile; fileRef = EBCDBBD82441B301008129A5 /* ShoppingCart.storyboard */; };
		EBCDBBDB2441B30C008129A5 /* Catalog.storyboard in Resources */ = {isa = PBXBuildFile; fileRef = EBCDBBDA2441B30C008129A5 /* Catalog.storyboard */; };
		EBD96D5B245B1F4800C6BECF /* ImageCell.swift in Sources */ = {isa = PBXBuildFile; fileRef = EBD96D59245B1F4800C6BECF /* ImageCell.swift */; };
		EBD96D5C245B1F4800C6BECF /* ImageCell.xib in Resources */ = {isa = PBXBuildFile; fileRef = EBD96D5A245B1F4800C6BECF /* ImageCell.xib */; };
		EBD96D5E245B418200C6BECF /* BuyInfoViewController.swift in Sources */ = {isa = PBXBuildFile; fileRef = EBD96D5D245B418200C6BECF /* BuyInfoViewController.swift */; };
		EBF19C2224582E5400F174CE /* ProductTableViewCell.swift in Sources */ = {isa = PBXBuildFile; fileRef = EBF19C2024582E5400F174CE /* ProductTableViewCell.swift */; };
		EBF19C2324582E5400F174CE /* ProductTableViewCell.xib in Resources */ = {isa = PBXBuildFile; fileRef = EBF19C2124582E5400F174CE /* ProductTableViewCell.xib */; };
		EBF19C2524587ACF00F174CE /* ProductPageViewController.swift in Sources */ = {isa = PBXBuildFile; fileRef = EBF19C2424587ACF00F174CE /* ProductPageViewController.swift */; };
		EBF19C6D245A978B00F174CE /* SlideImageCell.swift in Sources */ = {isa = PBXBuildFile; fileRef = EBF19C6C245A978B00F174CE /* SlideImageCell.swift */; };
/* End PBXBuildFile section */

/* Begin PBXFileReference section */
		EB12C6B92455CF4D000C3301 /* SubCatalogViewController.swift */ = {isa = PBXFileReference; lastKnownFileType = sourcecode.swift; path = SubCatalogViewController.swift; sourceTree = "<group>"; };
		EB12C6BB24569EC7000C3301 /* ProductsViewController.swift */ = {isa = PBXFileReference; lastKnownFileType = sourcecode.swift; path = ProductsViewController.swift; sourceTree = "<group>"; };
		EB4D6C22244D604D00AB321C /* GetProductsService.swift */ = {isa = PBXFileReference; lastKnownFileType = sourcecode.swift; path = GetProductsService.swift; sourceTree = "<group>"; };
		EB4D6C26244DD47200AB321C /* AgreementViewController.swift */ = {isa = PBXFileReference; lastKnownFileType = sourcecode.swift; path = AgreementViewController.swift; sourceTree = "<group>"; };
		EB4D6C28244DD55000AB321C /* DevelopInfoViewController.swift */ = {isa = PBXFileReference; lastKnownFileType = sourcecode.swift; path = DevelopInfoViewController.swift; sourceTree = "<group>"; };
		EB4D6C2A244DED5B00AB321C /* GetHotelsService.swift */ = {isa = PBXFileReference; lastKnownFileType = sourcecode.swift; path = GetHotelsService.swift; sourceTree = "<group>"; };
		EB4D6C2C244DEF2500AB321C /* ShoppingCartNetwork.swift */ = {isa = PBXFileReference; lastKnownFileType = sourcecode.swift; path = ShoppingCartNetwork.swift; sourceTree = "<group>"; };
		EB87E80F2443179C00D79D26 /* UserInfoViewController.swift */ = {isa = PBXFileReference; lastKnownFileType = sourcecode.swift; path = UserInfoViewController.swift; sourceTree = "<group>"; };
		EB87E8242444B01600D79D26 /* LastViewController.swift */ = {isa = PBXFileReference; lastKnownFileType = sourcecode.swift; path = LastViewController.swift; sourceTree = "<group>"; };
		EB87E8272444B91B00D79D26 /* DataModel.swift */ = {isa = PBXFileReference; lastKnownFileType = sourcecode.swift; path = DataModel.swift; sourceTree = "<group>"; };
		EB87E82E244575DD00D79D26 /* ProfileLastOrderCells.swift */ = {isa = PBXFileReference; lastKnownFileType = sourcecode.swift; path = ProfileLastOrderCells.swift; sourceTree = "<group>"; };
		EB87E82F244575DD00D79D26 /* ProfileLastOrderCells.xib */ = {isa = PBXFileReference; lastKnownFileType = file.xib; path = ProfileLastOrderCells.xib; sourceTree = "<group>"; };
		EBADC45824489E49006E60DB /* ShoppingCartCell.swift */ = {isa = PBXFileReference; lastKnownFileType = sourcecode.swift; path = ShoppingCartCell.swift; sourceTree = "<group>"; };
		EBADC45924489E49006E60DB /* ShoppingCartCell.xib */ = {isa = PBXFileReference; lastKnownFileType = file.xib; path = ShoppingCartCell.xib; sourceTree = "<group>"; };
		EBCDBBB12440A76C008129A5 /* HotelStore.app */ = {isa = PBXFileReference; explicitFileType = wrapper.application; includeInIndex = 0; path = HotelStore.app; sourceTree = BUILT_PRODUCTS_DIR; };
		EBCDBBB42440A76C008129A5 /* AppDelegate.swift */ = {isa = PBXFileReference; lastKnownFileType = sourcecode.swift; path = AppDelegate.swift; sourceTree = "<group>"; };
		EBCDBBB62440A76C008129A5 /* SceneDelegate.swift */ = {isa = PBXFileReference; lastKnownFileType = sourcecode.swift; path = SceneDelegate.swift; sourceTree = "<group>"; };
		EBCDBBBB2440A76C008129A5 /* Base */ = {isa = PBXFileReference; lastKnownFileType = file.storyboard; name = Base; path = Base.lproj/Main.storyboard; sourceTree = "<group>"; };
		EBCDBBBD2440A774008129A5 /* Assets.xcassets */ = {isa = PBXFileReference; lastKnownFileType = folder.assetcatalog; path = Assets.xcassets; sourceTree = "<group>"; };
		EBCDBBC02440A774008129A5 /* Base */ = {isa = PBXFileReference; lastKnownFileType = file.storyboard; name = Base; path = Base.lproj/LaunchScreen.storyboard; sourceTree = "<group>"; };
		EBCDBBC22440A774008129A5 /* Info.plist */ = {isa = PBXFileReference; lastKnownFileType = text.plist.xml; path = Info.plist; sourceTree = "<group>"; };
		EBCDBBC92440B995008129A5 /* CatalogViewController.swift */ = {isa = PBXFileReference; lastKnownFileType = sourcecode.swift; path = CatalogViewController.swift; sourceTree = "<group>"; };
		EBCDBBCB2440B9B9008129A5 /* ShoppingCartViewController.swift */ = {isa = PBXFileReference; lastKnownFileType = sourcecode.swift; path = ShoppingCartViewController.swift; sourceTree = "<group>"; };
		EBCDBBCD2440B9CD008129A5 /* ProfileViewController.swift */ = {isa = PBXFileReference; lastKnownFileType = sourcecode.swift; path = ProfileViewController.swift; sourceTree = "<group>"; };
		EBCDBBD62441B2D0008129A5 /* Profile.storyboard */ = {isa = PBXFileReference; lastKnownFileType = file.storyboard; path = Profile.storyboard; sourceTree = "<group>"; };
		EBCDBBD82441B301008129A5 /* ShoppingCart.storyboard */ = {isa = PBXFileReference; lastKnownFileType = file.storyboard; path = ShoppingCart.storyboard; sourceTree = "<group>"; };
		EBCDBBDA2441B30C008129A5 /* Catalog.storyboard */ = {isa = PBXFileReference; lastKnownFileType = file.storyboard; path = Catalog.storyboard; sourceTree = "<group>"; };
		EBD96D59245B1F4800C6BECF /* ImageCell.swift */ = {isa = PBXFileReference; lastKnownFileType = sourcecode.swift; path = ImageCell.swift; sourceTree = "<group>"; };
		EBD96D5A245B1F4800C6BECF /* ImageCell.xib */ = {isa = PBXFileReference; lastKnownFileType = file.xib; path = ImageCell.xib; sourceTree = "<group>"; };
		EBD96D5D245B418200C6BECF /* BuyInfoViewController.swift */ = {isa = PBXFileReference; lastKnownFileType = sourcecode.swift; path = BuyInfoViewController.swift; sourceTree = "<group>"; };
		EBF19C2024582E5400F174CE /* ProductTableViewCell.swift */ = {isa = PBXFileReference; lastKnownFileType = sourcecode.swift; path = ProductTableViewCell.swift; sourceTree = "<group>"; };
		EBF19C2124582E5400F174CE /* ProductTableViewCell.xib */ = {isa = PBXFileReference; lastKnownFileType = file.xib; path = ProductTableViewCell.xib; sourceTree = "<group>"; };
		EBF19C2424587ACF00F174CE /* ProductPageViewController.swift */ = {isa = PBXFileReference; lastKnownFileType = sourcecode.swift; path = ProductPageViewController.swift; sourceTree = "<group>"; };
		EBF19C6C245A978B00F174CE /* SlideImageCell.swift */ = {isa = PBXFileReference; lastKnownFileType = sourcecode.swift; path = SlideImageCell.swift; sourceTree = "<group>"; };
/* End PBXFileReference section */

/* Begin PBXFrameworksBuildPhase section */
		EBCDBBAE2440A76B008129A5 /* Frameworks */ = {
			isa = PBXFrameworksBuildPhase;
			buildActionMask = 2147483647;
			files = (
			);
			runOnlyForDeploymentPostprocessing = 0;
		};
/* End PBXFrameworksBuildPhase section */

/* Begin PBXGroup section */
		EB87E8262444B7F700D79D26 /* Models */ = {
			isa = PBXGroup;
			children = (
				EB87E8272444B91B00D79D26 /* DataModel.swift */,
			);
			path = Models;
			sourceTree = "<group>";
		};
		EB87E82D244574C800D79D26 /* Cells */ = {
			isa = PBXGroup;
			children = (
				EB87E82E244575DD00D79D26 /* ProfileLastOrderCells.swift */,
				EB87E82F244575DD00D79D26 /* ProfileLastOrderCells.xib */,
				EBADC45824489E49006E60DB /* ShoppingCartCell.swift */,
				EBADC45924489E49006E60DB /* ShoppingCartCell.xib */,
				EBF19C2024582E5400F174CE /* ProductTableViewCell.swift */,
				EBF19C2124582E5400F174CE /* ProductTableViewCell.xib */,
				EBF19C6C245A978B00F174CE /* SlideImageCell.swift */,
				EBD96D59245B1F4800C6BECF /* ImageCell.swift */,
				EBD96D5A245B1F4800C6BECF /* ImageCell.xib */,
			);
			path = Cells;
			sourceTree = "<group>";
		};
		EBADC45C2449738C006E60DB /* Service */ = {
			isa = PBXGroup;
			children = (
				EB4D6C22244D604D00AB321C /* GetProductsService.swift */,
				EB4D6C2A244DED5B00AB321C /* GetHotelsService.swift */,
				EB4D6C2C244DEF2500AB321C /* ShoppingCartNetwork.swift */,
			);
			path = Service;
			sourceTree = "<group>";
		};
		EBCDBBA82440A76B008129A5 = {
			isa = PBXGroup;
			children = (
				EBCDBBB32440A76C008129A5 /* HotelStore */,
				EBCDBBB22440A76C008129A5 /* Products */,
			);
			sourceTree = "<group>";
		};
		EBCDBBB22440A76C008129A5 /* Products */ = {
			isa = PBXGroup;
			children = (
				EBCDBBB12440A76C008129A5 /* HotelStore.app */,
			);
			name = Products;
			sourceTree = "<group>";
		};
		EBCDBBB32440A76C008129A5 /* HotelStore */ = {
			isa = PBXGroup;
			children = (
				EBADC45C2449738C006E60DB /* Service */,
				EB87E82D244574C800D79D26 /* Cells */,
				EBCDBBCF244186E4008129A5 /* Storyboards */,
				EBCDBBC82440B768008129A5 /* ViewControllers */,
				EB87E8262444B7F700D79D26 /* Models */,
				EBCDBBB42440A76C008129A5 /* AppDelegate.swift */,
				EBCDBBB62440A76C008129A5 /* SceneDelegate.swift */,
				EBCDBBBD2440A774008129A5 /* Assets.xcassets */,
				EBCDBBBF2440A774008129A5 /* LaunchScreen.storyboard */,
				EBCDBBC22440A774008129A5 /* Info.plist */,
			);
			path = HotelStore;
			sourceTree = "<group>";
		};
		EBCDBBC82440B768008129A5 /* ViewControllers */ = {
			isa = PBXGroup;
			children = (
				EBCDBBDE2441BA3F008129A5 /* Catalog */,
				EBCDBBDD2441BA37008129A5 /* Shopping Cart */,
				EBCDBBDC2441BA30008129A5 /* Profile */,
			);
			path = ViewControllers;
			sourceTree = "<group>";
		};
		EBCDBBCF244186E4008129A5 /* Storyboards */ = {
			isa = PBXGroup;
			children = (
				EBCDBBBA2440A76C008129A5 /* Main.storyboard */,
				EBCDBBDA2441B30C008129A5 /* Catalog.storyboard */,
				EBCDBBD82441B301008129A5 /* ShoppingCart.storyboard */,
				EBCDBBD62441B2D0008129A5 /* Profile.storyboard */,
			);
			path = Storyboards;
			sourceTree = "<group>";
		};
		EBCDBBDC2441BA30008129A5 /* Profile */ = {
			isa = PBXGroup;
			children = (
				EBCDBBCD2440B9CD008129A5 /* ProfileViewController.swift */,
				EB87E8242444B01600D79D26 /* LastViewController.swift */,
				EB87E80F2443179C00D79D26 /* UserInfoViewController.swift */,
				EB4D6C26244DD47200AB321C /* AgreementViewController.swift */,
				EB4D6C28244DD55000AB321C /* DevelopInfoViewController.swift */,
			);
			path = Profile;
			sourceTree = "<group>";
		};
		EBCDBBDD2441BA37008129A5 /* Shopping Cart */ = {
			isa = PBXGroup;
			children = (
				EBCDBBCB2440B9B9008129A5 /* ShoppingCartViewController.swift */,
				EBD96D5D245B418200C6BECF /* BuyInfoViewController.swift */,
			);
			path = "Shopping Cart";
			sourceTree = "<group>";
		};
		EBCDBBDE2441BA3F008129A5 /* Catalog */ = {
			isa = PBXGroup;
			children = (
				EBCDBBC92440B995008129A5 /* CatalogViewController.swift */,
				EB12C6B92455CF4D000C3301 /* SubCatalogViewController.swift */,
				EB12C6BB24569EC7000C3301 /* ProductsViewController.swift */,
				EBF19C2424587ACF00F174CE /* ProductPageViewController.swift */,
			);
			path = Catalog;
			sourceTree = "<group>";
		};
/* End PBXGroup section */

/* Begin PBXNativeTarget section */
		EBCDBBB02440A76B008129A5 /* HotelStore */ = {
			isa = PBXNativeTarget;
			buildConfigurationList = EBCDBBC52440A774008129A5 /* Build configuration list for PBXNativeTarget "HotelStore" */;
			buildPhases = (
				EBCDBBAD2440A76B008129A5 /* Sources */,
				EBCDBBAE2440A76B008129A5 /* Frameworks */,
				EBCDBBAF2440A76B008129A5 /* Resources */,
			);
			buildRules = (
			);
			dependencies = (
			);
			name = HotelStore;
			productName = HotelStore;
			productReference = EBCDBBB12440A76C008129A5 /* HotelStore.app */;
			productType = "com.apple.product-type.application";
		};
/* End PBXNativeTarget section */

/* Begin PBXProject section */
		EBCDBBA92440A76B008129A5 /* Project object */ = {
			isa = PBXProject;
			attributes = {
				LastSwiftUpdateCheck = 1140;
				LastUpgradeCheck = 1140;
				ORGANIZATIONNAME = "Svyatoslav Vladimirovich";
				TargetAttributes = {
					EBCDBBB02440A76B008129A5 = {
						CreatedOnToolsVersion = 11.4;
					};
				};
			};
			buildConfigurationList = EBCDBBAC2440A76B008129A5 /* Build configuration list for PBXProject "HotelStore" */;
			compatibilityVersion = "Xcode 9.3";
			developmentRegion = en;
			hasScannedForEncodings = 0;
			knownRegions = (
				en,
				Base,
			);
			mainGroup = EBCDBBA82440A76B008129A5;
			productRefGroup = EBCDBBB22440A76C008129A5 /* Products */;
			projectDirPath = "";
			projectRoot = "";
			targets = (
				EBCDBBB02440A76B008129A5 /* HotelStore */,
			);
		};
/* End PBXProject section */

/* Begin PBXResourcesBuildPhase section */
		EBCDBBAF2440A76B008129A5 /* Resources */ = {
			isa = PBXResourcesBuildPhase;
			buildActionMask = 2147483647;
			files = (
				EBCDBBDB2441B30C008129A5 /* Catalog.storyboard in Resources */,
				EB87E831244575DD00D79D26 /* ProfileLastOrderCells.xib in Resources */,
				EBCDBBD92441B301008129A5 /* ShoppingCart.storyboard in Resources */,
				EBD96D5C245B1F4800C6BECF /* ImageCell.xib in Resources */,
				EBCDBBC12440A774008129A5 /* LaunchScreen.storyboard in Resources */,
				EBCDBBBE2440A774008129A5 /* Assets.xcassets in Resources */,
				EBCDBBD72441B2D0008129A5 /* Profile.storyboard in Resources */,
				EBCDBBBC2440A76C008129A5 /* Main.storyboard in Resources */,
				EBF19C2324582E5400F174CE /* ProductTableViewCell.xib in Resources */,
				EBADC45B24489E49006E60DB /* ShoppingCartCell.xib in Resources */,
			);
			runOnlyForDeploymentPostprocessing = 0;
		};
/* End PBXResourcesBuildPhase section */

/* Begin PBXSourcesBuildPhase section */
		EBCDBBAD2440A76B008129A5 /* Sources */ = {
			isa = PBXSourcesBuildPhase;
			buildActionMask = 2147483647;
			files = (
				EBCDBBCC2440B9B9008129A5 /* ShoppingCartViewController.swift in Sources */,
				EBF19C2524587ACF00F174CE /* ProductPageViewController.swift in Sources */,
				EB12C6BC24569EC7000C3301 /* ProductsViewController.swift in Sources */,
				EBF19C6D245A978B00F174CE /* SlideImageCell.swift in Sources */,
				EB87E8252444B01600D79D26 /* LastViewController.swift in Sources */,
				EBD96D5B245B1F4800C6BECF /* ImageCell.swift in Sources */,
				EB87E8282444B91B00D79D26 /* DataModel.swift in Sources */,
				EB4D6C27244DD47200AB321C /* AgreementViewController.swift in Sources */,
				EB87E8102443179C00D79D26 /* UserInfoViewController.swift in Sources */,
				EB4D6C2D244DEF2500AB321C /* ShoppingCartNetwork.swift in Sources */,
				EBCDBBCA2440B995008129A5 /* CatalogViewController.swift in Sources */,
				EBCDBBCE2440B9CD008129A5 /* ProfileViewController.swift in Sources */,
				EB87E830244575DD00D79D26 /* ProfileLastOrderCells.swift in Sources */,
				EB4D6C29244DD55000AB321C /* DevelopInfoViewController.swift in Sources */,
				EBF19C2224582E5400F174CE /* ProductTableViewCell.swift in Sources */,
				EB4D6C2B244DED5B00AB321C /* GetHotelsService.swift in Sources */,
				EBADC45A24489E49006E60DB /* ShoppingCartCell.swift in Sources */,
				EB4D6C23244D604D00AB321C /* GetProductsService.swift in Sources */,
				EB12C6BA2455CF4D000C3301 /* SubCatalogViewController.swift in Sources */,
				EBCDBBB52440A76C008129A5 /* AppDelegate.swift in Sources */,
				EBCDBBB72440A76C008129A5 /* SceneDelegate.swift in Sources */,
				EBD96D5E245B418200C6BECF /* BuyInfoViewController.swift in Sources */,
			);
			runOnlyForDeploymentPostprocessing = 0;
		};
/* End PBXSourcesBuildPhase section */

/* Begin PBXVariantGroup section */
		EBCDBBBA2440A76C008129A5 /* Main.storyboard */ = {
			isa = PBXVariantGroup;
			children = (
				EBCDBBBB2440A76C008129A5 /* Base */,
			);
			name = Main.storyboard;
			sourceTree = "<group>";
		};
		EBCDBBBF2440A774008129A5 /* LaunchScreen.storyboard */ = {
			isa = PBXVariantGroup;
			children = (
				EBCDBBC02440A774008129A5 /* Base */,
			);
			name = LaunchScreen.storyboard;
			sourceTree = "<group>";
		};
/* End PBXVariantGroup section */

/* Begin XCBuildConfiguration section */
		EBCDBBC32440A774008129A5 /* Debug */ = {
			isa = XCBuildConfiguration;
			buildSettings = {
				ALWAYS_SEARCH_USER_PATHS = NO;
				CLANG_ANALYZER_NONNULL = YES;
				CLANG_ANALYZER_NUMBER_OBJECT_CONVERSION = YES_AGGRESSIVE;
				CLANG_CXX_LANGUAGE_STANDARD = "gnu++14";
				CLANG_CXX_LIBRARY = "libc++";
				CLANG_ENABLE_MODULES = YES;
				CLANG_ENABLE_OBJC_ARC = YES;
				CLANG_ENABLE_OBJC_WEAK = YES;
				CLANG_WARN_BLOCK_CAPTURE_AUTORELEASING = YES;
				CLANG_WARN_BOOL_CONVERSION = YES;
				CLANG_WARN_COMMA = YES;
				CLANG_WARN_CONSTANT_CONVERSION = YES;
				CLANG_WARN_DEPRECATED_OBJC_IMPLEMENTATIONS = YES;
				CLANG_WARN_DIRECT_OBJC_ISA_USAGE = YES_ERROR;
				CLANG_WARN_DOCUMENTATION_COMMENTS = YES;
				CLANG_WARN_EMPTY_BODY = YES;
				CLANG_WARN_ENUM_CONVERSION = YES;
				CLANG_WARN_INFINITE_RECURSION = YES;
				CLANG_WARN_INT_CONVERSION = YES;
				CLANG_WARN_NON_LITERAL_NULL_CONVERSION = YES;
				CLANG_WARN_OBJC_IMPLICIT_RETAIN_SELF = YES;
				CLANG_WARN_OBJC_LITERAL_CONVERSION = YES;
				CLANG_WARN_OBJC_ROOT_CLASS = YES_ERROR;
				CLANG_WARN_RANGE_LOOP_ANALYSIS = YES;
				CLANG_WARN_STRICT_PROTOTYPES = YES;
				CLANG_WARN_SUSPICIOUS_MOVE = YES;
				CLANG_WARN_UNGUARDED_AVAILABILITY = YES_AGGRESSIVE;
				CLANG_WARN_UNREACHABLE_CODE = YES;
				CLANG_WARN__DUPLICATE_METHOD_MATCH = YES;
				COPY_PHASE_STRIP = NO;
				DEBUG_INFORMATION_FORMAT = dwarf;
				ENABLE_STRICT_OBJC_MSGSEND = YES;
				ENABLE_TESTABILITY = YES;
				GCC_C_LANGUAGE_STANDARD = gnu11;
				GCC_DYNAMIC_NO_PIC = NO;
				GCC_NO_COMMON_BLOCKS = YES;
				GCC_OPTIMIZATION_LEVEL = 0;
				GCC_PREPROCESSOR_DEFINITIONS = (
					"DEBUG=1",
					"$(inherited)",
				);
				GCC_WARN_64_TO_32_BIT_CONVERSION = YES;
				GCC_WARN_ABOUT_RETURN_TYPE = YES_ERROR;
				GCC_WARN_UNDECLARED_SELECTOR = YES;
				GCC_WARN_UNINITIALIZED_AUTOS = YES_AGGRESSIVE;
				GCC_WARN_UNUSED_FUNCTION = YES;
				GCC_WARN_UNUSED_VARIABLE = YES;
				IPHONEOS_DEPLOYMENT_TARGET = 13.4;
				MTL_ENABLE_DEBUG_INFO = INCLUDE_SOURCE;
				MTL_FAST_MATH = YES;
				ONLY_ACTIVE_ARCH = YES;
				SDKROOT = iphoneos;
				SWIFT_ACTIVE_COMPILATION_CONDITIONS = DEBUG;
				SWIFT_OPTIMIZATION_LEVEL = "-Onone";
			};
			name = Debug;
		};
		EBCDBBC42440A774008129A5 /* Release */ = {
			isa = XCBuildConfiguration;
			buildSettings = {
				ALWAYS_SEARCH_USER_PATHS = NO;
				CLANG_ANALYZER_NONNULL = YES;
				CLANG_ANALYZER_NUMBER_OBJECT_CONVERSION = YES_AGGRESSIVE;
				CLANG_CXX_LANGUAGE_STANDARD = "gnu++14";
				CLANG_CXX_LIBRARY = "libc++";
				CLANG_ENABLE_MODULES = YES;
				CLANG_ENABLE_OBJC_ARC = YES;
				CLANG_ENABLE_OBJC_WEAK = YES;
				CLANG_WARN_BLOCK_CAPTURE_AUTORELEASING = YES;
				CLANG_WARN_BOOL_CONVERSION = YES;
				CLANG_WARN_COMMA = YES;
				CLANG_WARN_CONSTANT_CONVERSION = YES;
				CLANG_WARN_DEPRECATED_OBJC_IMPLEMENTATIONS = YES;
				CLANG_WARN_DIRECT_OBJC_ISA_USAGE = YES_ERROR;
				CLANG_WARN_DOCUMENTATION_COMMENTS = YES;
				CLANG_WARN_EMPTY_BODY = YES;
				CLANG_WARN_ENUM_CONVERSION = YES;
				CLANG_WARN_INFINITE_RECURSION = YES;
				CLANG_WARN_INT_CONVERSION = YES;
				CLANG_WARN_NON_LITERAL_NULL_CONVERSION = YES;
				CLANG_WARN_OBJC_IMPLICIT_RETAIN_SELF = YES;
				CLANG_WARN_OBJC_LITERAL_CONVERSION = YES;
				CLANG_WARN_OBJC_ROOT_CLASS = YES_ERROR;
				CLANG_WARN_RANGE_LOOP_ANALYSIS = YES;
				CLANG_WARN_STRICT_PROTOTYPES = YES;
				CLANG_WARN_SUSPICIOUS_MOVE = YES;
				CLANG_WARN_UNGUARDED_AVAILABILITY = YES_AGGRESSIVE;
				CLANG_WARN_UNREACHABLE_CODE = YES;
				CLANG_WARN__DUPLICATE_METHOD_MATCH = YES;
				COPY_PHASE_STRIP = NO;
				DEBUG_INFORMATION_FORMAT = "dwarf-with-dsym";
				ENABLE_NS_ASSERTIONS = NO;
				ENABLE_STRICT_OBJC_MSGSEND = YES;
				GCC_C_LANGUAGE_STANDARD = gnu11;
				GCC_NO_COMMON_BLOCKS = YES;
				GCC_WARN_64_TO_32_BIT_CONVERSION = YES;
				GCC_WARN_ABOUT_RETURN_TYPE = YES_ERROR;
				GCC_WARN_UNDECLARED_SELECTOR = YES;
				GCC_WARN_UNINITIALIZED_AUTOS = YES_AGGRESSIVE;
				GCC_WARN_UNUSED_FUNCTION = YES;
				GCC_WARN_UNUSED_VARIABLE = YES;
				IPHONEOS_DEPLOYMENT_TARGET = 13.4;
				MTL_ENABLE_DEBUG_INFO = NO;
				MTL_FAST_MATH = YES;
				SDKROOT = iphoneos;
				SWIFT_COMPILATION_MODE = wholemodule;
				SWIFT_OPTIMIZATION_LEVEL = "-O";
				VALIDATE_PRODUCT = YES;
			};
			name = Release;
		};
		EBCDBBC62440A774008129A5 /* Debug */ = {
			isa = XCBuildConfiguration;
			buildSettings = {
				ASSETCATALOG_COMPILER_APPICON_NAME = AppIcon;
				CODE_SIGN_STYLE = Automatic;
				DEVELOPMENT_TEAM = NA6VF3HCZ5;
				INFOPLIST_FILE = HotelStore/Info.plist;
				IPHONEOS_DEPLOYMENT_TARGET = 11.0;
				LD_RUNPATH_SEARCH_PATHS = (
					"$(inherited)",
					"@executable_path/Frameworks",
				);
				PRODUCT_BUNDLE_IDENTIFIER = ss.HotelStore;
				PRODUCT_NAME = "$(TARGET_NAME)";
				SWIFT_VERSION = 5.0;
				TARGETED_DEVICE_FAMILY = "1,2";
			};
			name = Debug;
		};
		EBCDBBC72440A774008129A5 /* Release */ = {
			isa = XCBuildConfiguration;
			buildSettings = {
				ASSETCATALOG_COMPILER_APPICON_NAME = AppIcon;
				CODE_SIGN_STYLE = Automatic;
				DEVELOPMENT_TEAM = NA6VF3HCZ5;
				INFOPLIST_FILE = HotelStore/Info.plist;
				IPHONEOS_DEPLOYMENT_TARGET = 11.0;
				LD_RUNPATH_SEARCH_PATHS = (
					"$(inherited)",
					"@executable_path/Frameworks",
				);
				PRODUCT_BUNDLE_IDENTIFIER = ss.HotelStore;
				PRODUCT_NAME = "$(TARGET_NAME)";
				SWIFT_VERSION = 5.0;
				TARGETED_DEVICE_FAMILY = "1,2";
			};
			name = Release;
		};
/* End XCBuildConfiguration section */

/* Begin XCConfigurationList section */
		EBCDBBAC2440A76B008129A5 /* Build configuration list for PBXProject "HotelStore" */ = {
			isa = XCConfigurationList;
			buildConfigurations = (
				EBCDBBC32440A774008129A5 /* Debug */,
				EBCDBBC42440A774008129A5 /* Release */,
			);
			defaultConfigurationIsVisible = 0;
			defaultConfigurationName = Release;
		};
		EBCDBBC52440A774008129A5 /* Build configuration list for PBXNativeTarget "HotelStore" */ = {
			isa = XCConfigurationList;
			buildConfigurations = (
				EBCDBBC62440A774008129A5 /* Debug */,
				EBCDBBC72440A774008129A5 /* Release */,
			);
			defaultConfigurationIsVisible = 0;
			defaultConfigurationName = Release;
		};
/* End XCConfigurationList section */
	};
	rootObject = EBCDBBA92440A76B008129A5 /* Project object */;
}
